
Microsoft Visual Studio Solution File, Format Version 12.00
# Visual Studio Version 16
VisualStudioVersion = 16.0.30717.126
MinimumVisualStudioVersion = 10.0.40219.1
Project("{FAE04EC0-301F-11D3-BF4B-00C04F79EFBC}") = "Auton46X", "Auton46X\Auton46X.csproj", "{D34A24A3-2AE7-4500-985E-E4B094DA81BC}"
EndProject
Global
	GlobalSection(SolutionConfigurationPlatforms) = preSolution
		Debug|Any CPU = Debug|Any CPU
		Release|Any CPU = Release|Any CPU
	EndGlobalSection
	GlobalSection(ProjectConfigurationPlatforms) = postSolution
		{D34A24A3-2AE7-4500-985E-E4B094DA81BC}.Debug|Any CPU.ActiveCfg = Debug|Any CPU
		{D34A24A3-2AE7-4500-985E-E4B094DA81BC}.Debug|Any CPU.Build.0 = Debug|Any CPU
		{D34A24A3-2AE7-4500-985E-E4B094DA81BC}.Release|Any CPU.ActiveCfg = Release|Any CPU
		{D34A24A3-2AE7-4500-985E-E4B094DA81BC}.Release|Any CPU.Build.0 = Release|Any CPU
	EndGlobalSection
	GlobalSection(SolutionProperties) = preSolution
		HideSolutionNode = FALSE
	EndGlobalSection
	GlobalSection(ExtensibilityGlobals) = postSolution
		SolutionGuid = {50FC8D3E-9DF9-4AF1-BA82-3B399ADC8D55}
	EndGlobalSection
EndGlobal
